
Microsoft Visual Studio Solution File, Format Version 12.00
# Visual Studio Version 17
VisualStudioVersion = 17.9.34701.34
MinimumVisualStudioVersion = 10.0.40219.1
Project("{FAE04EC0-301F-11D3-BF4B-00C04F79EFBC}") = "BackendAPI2", "BackendAPI2\BackendAPI2.csproj", "{BD7DC356-08D9-4B1E-A430-E3CAA6D5AF2E}"
EndProject
Project("{FAE04EC0-301F-11D3-BF4B-00C04F79EFBC}") = "BackendAPI2.Test", "BackendAPI2.Test\BackendAPI2.Test.csproj", "{18782F96-FCC3-4D27-96A0-43C3953B649B}"
EndProject
Global
	GlobalSection(SolutionConfigurationPlatforms) = preSolution
		Debug|Any CPU = Debug|Any CPU
		Release|Any CPU = Release|Any CPU
	EndGlobalSection
	GlobalSection(ProjectConfigurationPlatforms) = postSolution
		{BD7DC356-08D9-4B1E-A430-E3CAA6D5AF2E}.Debug|Any CPU.ActiveCfg = Debug|Any CPU
		{BD7DC356-08D9-4B1E-A430-E3CAA6D5AF2E}.Debug|Any CPU.Build.0 = Debug|Any CPU
		{BD7DC356-08D9-4B1E-A430-E3CAA6D5AF2E}.Release|Any CPU.ActiveCfg = Release|Any CPU
		{BD7DC356-08D9-4B1E-A430-E3CAA6D5AF2E}.Release|Any CPU.Build.0 = Release|Any CPU
		{18782F96-FCC3-4D27-96A0-43C3953B649B}.Debug|Any CPU.ActiveCfg = Debug|Any CPU
		{18782F96-FCC3-4D27-96A0-43C3953B649B}.Debug|Any CPU.Build.0 = Debug|Any CPU
		{18782F96-FCC3-4D27-96A0-43C3953B649B}.Release|Any CPU.ActiveCfg = Release|Any CPU
		{18782F96-FCC3-4D27-96A0-43C3953B649B}.Release|Any CPU.Build.0 = Release|Any CPU
	EndGlobalSection
	GlobalSection(SolutionProperties) = preSolution
		HideSolutionNode = FALSE
	EndGlobalSection
	GlobalSection(ExtensibilityGlobals) = postSolution
		SolutionGuid = {EAFD196B-0EF3-4DA8-8456-C2CE4A2FBEF5}
	EndGlobalSection
EndGlobal
